
Microsoft Visual Studio Solution File, Format Version 12.00
# Visual Studio Version 16
VisualStudioVersion = 16.0.32413.511
MinimumVisualStudioVersion = 10.0.40219.1
Project("{FAE04EC0-301F-11D3-BF4B-00C04F79EFBC}") = "Task2", "Task2.csproj", "{07F10CD7-795A-40B3-B879-685D8509226C}"
EndProject
Global
	GlobalSection(SolutionConfigurationPlatforms) = preSolution
		Debug|Any CPU = Debug|Any CPU
		Release|Any CPU = Release|Any CPU
	EndGlobalSection
	GlobalSection(ProjectConfigurationPlatforms) = postSolution
		{07F10CD7-795A-40B3-B879-685D8509226C}.Debug|Any CPU.ActiveCfg = Debug|Any CPU
		{07F10CD7-795A-40B3-B879-685D8509226C}.Debug|Any CPU.Build.0 = Debug|Any CPU
		{07F10CD7-795A-40B3-B879-685D8509226C}.Release|Any CPU.ActiveCfg = Release|Any CPU
		{07F10CD7-795A-40B3-B879-685D8509226C}.Release|Any CPU.Build.0 = Release|Any CPU
	EndGlobalSection
	GlobalSection(SolutionProperties) = preSolution
		HideSolutionNode = FALSE
	EndGlobalSection
	GlobalSection(ExtensibilityGlobals) = postSolution
		SolutionGuid = {CF2B3204-4E67-4F52-8E49-88C9BCB3CA8E}
	EndGlobalSection
EndGlobal
